{
  "requires": true,
  "lockfileVersion": 1,
  "dependencies": {
    "serverline": {
      "version": "1.5.0",
      "resolved": "https://registry.npmjs.org/serverline/-/serverline-1.5.0.tgz",
      "integrity": "sha512-QzNBH8omGchv+L5n/irZEeU2IGK3r8EMRh3EKRIlbfTklf9PtNRiRbWcYr8kqdNeWdc5M5jS13VtspDKgFXFFg=="
    }
  }
}
